
Microsoft Visual Studio Solution File, Format Version 12.00
# Visual Studio 15
VisualStudioVersion = 15.0.27004.2002
MinimumVisualStudioVersion = 10.0.40219.1
Project("{8BC9CEB8-8B4A-11D0-8D11-00A0C91BC942}") = "EightQueen", "EightQueen\EightQueen.vcxproj", "{BFC39713-74AF-4FC7-9D6D-BAA84D065B62}"
EndProject
Global
	GlobalSection(SolutionConfigurationPlatforms) = preSolution
		Debug|x64 = Debug|x64
		Debug|x86 = Debug|x86
		Release|x64 = Release|x64
		Release|x86 = Release|x86
	EndGlobalSection
	GlobalSection(ProjectConfigurationPlatforms) = postSolution
		{BFC39713-74AF-4FC7-9D6D-BAA84D065B62}.Debug|x64.ActiveCfg = Debug|x64
		{BFC39713-74AF-4FC7-9D6D-BAA84D065B62}.Debug|x64.Build.0 = Debug|x64
		{BFC39713-74AF-4FC7-9D6D-BAA84D065B62}.Debug|x86.ActiveCfg = Debug|Win32
		{BFC39713-74AF-4FC7-9D6D-BAA84D065B62}.Debug|x86.Build.0 = Debug|Win32
		{BFC39713-74AF-4FC7-9D6D-BAA84D065B62}.Release|x64.ActiveCfg = Release|x64
		{BFC39713-74AF-4FC7-9D6D-BAA84D065B62}.Release|x64.Build.0 = Release|x64
		{BFC39713-74AF-4FC7-9D6D-BAA84D065B62}.Release|x86.ActiveCfg = Release|Win32
		{BFC39713-74AF-4FC7-9D6D-BAA84D065B62}.Release|x86.Build.0 = Release|Win32
	EndGlobalSection
	GlobalSection(SolutionProperties) = preSolution
		HideSolutionNode = FALSE
	EndGlobalSection
	GlobalSection(ExtensibilityGlobals) = postSolution
		SolutionGuid = {9E6E8780-7EB2-4D65-9F26-C8FCB1B54FA8}
	EndGlobalSection
EndGlobal
