
Microsoft Visual Studio Solution File, Format Version 12.00
# Visual Studio 15
VisualStudioVersion = 15.0.27004.2002
MinimumVisualStudioVersion = 10.0.40219.1
Project("{8BC9CEB8-8B4A-11D0-8D11-00A0C91BC942}") = "Inverse_Poland_calculator", "Inverse_Poland_calculator\Inverse_Poland_calculator.vcxproj", "{F1B3C525-E257-41C5-A677-F8896BE98BEC}"
EndProject
Global
	GlobalSection(SolutionConfigurationPlatforms) = preSolution
		Debug|x64 = Debug|x64
		Debug|x86 = Debug|x86
		Release|x64 = Release|x64
		Release|x86 = Release|x86
	EndGlobalSection
	GlobalSection(ProjectConfigurationPlatforms) = postSolution
		{F1B3C525-E257-41C5-A677-F8896BE98BEC}.Debug|x64.ActiveCfg = Debug|x64
		{F1B3C525-E257-41C5-A677-F8896BE98BEC}.Debug|x64.Build.0 = Debug|x64
		{F1B3C525-E257-41C5-A677-F8896BE98BEC}.Debug|x86.ActiveCfg = Debug|Win32
		{F1B3C525-E257-41C5-A677-F8896BE98BEC}.Debug|x86.Build.0 = Debug|Win32
		{F1B3C525-E257-41C5-A677-F8896BE98BEC}.Release|x64.ActiveCfg = Release|x64
		{F1B3C525-E257-41C5-A677-F8896BE98BEC}.Release|x64.Build.0 = Release|x64
		{F1B3C525-E257-41C5-A677-F8896BE98BEC}.Release|x86.ActiveCfg = Release|Win32
		{F1B3C525-E257-41C5-A677-F8896BE98BEC}.Release|x86.Build.0 = Release|Win32
	EndGlobalSection
	GlobalSection(SolutionProperties) = preSolution
		HideSolutionNode = FALSE
	EndGlobalSection
	GlobalSection(ExtensibilityGlobals) = postSolution
		SolutionGuid = {A0782B2C-9783-4B0C-95AB-BE2C35A7D673}
	EndGlobalSection
EndGlobal
